Microsoft Visual Studio Solution File, Format Version 12.00
# Visual Studio Version 17
VisualStudioVersion = 17.5.2.0
MinimumVisualStudioVersion = 10.0.40219.1
Project("{2150E333-8FDC-42A3-9474-1A3956D46DE8}") = ".minimax", ".minimax", "{D2DE2851-07B7-AE04-EEAB-9861324305B7}"
EndProject
Project("{2150E333-8FDC-42A3-9474-1A3956D46DE8}") = "skills", "skills", "{2C92A4B1-5B46-AFC2-A4D3-58D55AF49C86}"
EndProject
Project("{2150E333-8FDC-42A3-9474-1A3956D46DE8}") = "minimax-docx", "minimax-docx", "{0A0A7085-6650-8519-D9C1-1B3B70EE7226}"
EndProject
Project("{2150E333-8FDC-42A3-9474-1A3956D46DE8}") = "blueprints", "blueprints", "{E191276F-B2C2-CC22-9A64-59931E8700D3}"
EndProject
Project("{FAE04EC0-301F-11D3-BF4B-00C04F79EFBC}") = "DocumentFoundry", ".minimax\skills\minimax-docx\blueprints\DocumentFoundry.csproj", "{4AAF6832-7579-B1DF-B2A7-AF3C232D481E}"
EndProject
Global
	GlobalSection(SolutionConfigurationPlatforms) = preSolution
		Debug|Any CPU = Debug|Any CPU
		Release|Any CPU = Release|Any CPU
	EndGlobalSection
	GlobalSection(ProjectConfigurationPlatforms) = postSolution
		{4AAF6832-7579-B1DF-B2A7-AF3C232D481E}.Debug|Any CPU.ActiveCfg = Debug|Any CPU
		{4AAF6832-7579-B1DF-B2A7-AF3C232D481E}.Debug|Any CPU.Build.0 = Debug|Any CPU
		{4AAF6832-7579-B1DF-B2A7-AF3C232D481E}.Release|Any CPU.ActiveCfg = Release|Any CPU
		{4AAF6832-7579-B1DF-B2A7-AF3C232D481E}.Release|Any CPU.Build.0 = Release|Any CPU
	EndGlobalSection
	GlobalSection(SolutionProperties) = preSolution
		HideSolutionNode = FALSE
	EndGlobalSection
	GlobalSection(NestedProjects) = preSolution
		{2C92A4B1-5B46-AFC2-A4D3-58D55AF49C86} = {D2DE2851-07B7-AE04-EEAB-9861324305B7}
		{0A0A7085-6650-8519-D9C1-1B3B70EE7226} = {2C92A4B1-5B46-AFC2-A4D3-58D55AF49C86}
		{E191276F-B2C2-CC22-9A64-59931E8700D3} = {0A0A7085-6650-8519-D9C1-1B3B70EE7226}
		{4AAF6832-7579-B1DF-B2A7-AF3C232D481E} = {E191276F-B2C2-CC22-9A64-59931E8700D3}
	EndGlobalSection
	GlobalSection(ExtensibilityGlobals) = postSolution
		SolutionGuid = {B99D90A7-B1EB-4C73-A3E6-BABA78B5A763}
	EndGlobalSection
EndGlobal
